
Microsoft Visual Studio Solution File, Format Version 12.00
# Visual Studio 15
VisualStudioVersion = 15.0.28307.645
MinimumVisualStudioVersion = 10.0.40219.1
Project("{FAE04EC0-301F-11D3-BF4B-00C04F79EFBC}") = "Services", "Services\Services.csproj", "{CBCAEF17-8BBE-4F60-9928-A0BA3B2A6FC8}"
EndProject
Project("{FAE04EC0-301F-11D3-BF4B-00C04F79EFBC}") = "WPFClient", "WPFClient\WPFClient.csproj", "{49CF4EA6-C877-49E8-8D01-C520E8C1F524}"
	ProjectSection(ProjectDependencies) = postProject
		{CBCAEF17-8BBE-4F60-9928-A0BA3B2A6FC8} = {CBCAEF17-8BBE-4F60-9928-A0BA3B2A6FC8}
	EndProjectSection
EndProject
Global
	GlobalSection(SolutionConfigurationPlatforms) = preSolution
		Debug|Any CPU = Debug|Any CPU
		Release|Any CPU = Release|Any CPU
	EndGlobalSection
	GlobalSection(ProjectConfigurationPlatforms) = postSolution
		{CBCAEF17-8BBE-4F60-9928-A0BA3B2A6FC8}.Debug|Any CPU.ActiveCfg = Debug|Any CPU
		{CBCAEF17-8BBE-4F60-9928-A0BA3B2A6FC8}.Debug|Any CPU.Build.0 = Debug|Any CPU
		{CBCAEF17-8BBE-4F60-9928-A0BA3B2A6FC8}.Release|Any CPU.ActiveCfg = Release|Any CPU
		{CBCAEF17-8BBE-4F60-9928-A0BA3B2A6FC8}.Release|Any CPU.Build.0 = Release|Any CPU
		{49CF4EA6-C877-49E8-8D01-C520E8C1F524}.Debug|Any CPU.ActiveCfg = Debug|Any CPU
		{49CF4EA6-C877-49E8-8D01-C520E8C1F524}.Debug|Any CPU.Build.0 = Debug|Any CPU
		{49CF4EA6-C877-49E8-8D01-C520E8C1F524}.Release|Any CPU.ActiveCfg = Release|Any CPU
		{49CF4EA6-C877-49E8-8D01-C520E8C1F524}.Release|Any CPU.Build.0 = Release|Any CPU
	EndGlobalSection
	GlobalSection(SolutionProperties) = preSolution
		HideSolutionNode = FALSE
	EndGlobalSection
	GlobalSection(ExtensibilityGlobals) = postSolution
		SolutionGuid = {C7F0F679-5625-40D0-B9A4-1808C48C0A2F}
	EndGlobalSection
EndGlobal
